package: package=github.com/rancher/rio
import:
- package: bitbucket.org/ww/goautoneg
  version: a547fc61f48d567d5b4ec6f8aee5573d8efce11d
  repo: https://github.com/rancher/goautoneg.git
- package: github.com/Azure/go-ansiterm
  version: d6e3b3328b783f23731bc4d058875b0371ff8109
- package: github.com/Masterminds/semver
  version: v1.4.2
- package: github.com/Masterminds/sprig
  version: v2.15.0
- package: github.com/aokoli/goutils
  version: v1.0.1
- package: github.com/containerd/containerd
  version: v1.1.2
- package: github.com/containerd/continuity
  version: 0377f7d767206f3a9e8881d0f02267b0d89c7a62
- package: github.com/containerd/fifo
  version: 3d5202aec260678c48179c56f40e6f38a095738c
- package: github.com/containerd/typeurl
  version: a93fcdb778cd272c6e9b3028b2f42d813e785d40
- package: github.com/coreos/etcd
  version: 1c45bd53aa9ef1686b24d4055a125ac0c93f9108
  repo: https://github.com/ibuildthecloud/etcd.git
- package: github.com/coreos/flannel
  version: 46bcfe1eeacdbf5266cc497479e804116101f592
  repo: https://github.com/ibuildthecloud/flannel.git
- package: github.com/coreos/go-iptables
  version: v0.3.0
- package: github.com/docker/go-connections
  version: 65675b54072d5fcb8be4445607885be3d483bb27
  repo: https://github.com/ibuildthecloud/go-connections.git
- package: github.com/docker/go-events
  version: 9461782956ad83b30282bf90e31fa6a70c255ba9
- package: github.com/drone/envsubst
  version: f4d1a8ef8670afc9eea1fb95ee09a979fd2763a3
- package: github.com/gogo/googleapis
  version: v1.0.0
- package: github.com/gogo/protobuf
  version: v1.1.1
- package: github.com/google/cadvisor
  version: v0.30.2
- package: github.com/google/uuid
  version: dec09d789f3dba190787f8b4454c7d3c936fed9e
- package: github.com/gorilla/mux
  version: v1.6.2
- package: github.com/gorilla/websocket
  version: v1.2.0
- package: github.com/hashicorp/errwrap
  version: 7554cd9344cec97297fa6649b055a8c98c2a1e55
- package: github.com/hashicorp/go-multierror
  version: ed905158d87462226a13fe39ddf685ea65f1c11f
- package: github.com/howeyc/fsnotify
  version: f0c08ee9c60704c1879025f2ae0ff3e000082c13
- package: github.com/huandu/xstrings
  version: v1.0.0
- package: github.com/mattn/go-shellwords
  version: f8471b0a71ded0ab910825ee2cf230f25de000f1
- package: github.com/mattn/go-sqlite3
  version: v1.9.0
- package: github.com/natefinch/lumberjack
  version: aee4629129445bbdfb69aa565537dcfa16544311
- package: github.com/openshift/api/apps/v1
  version: v3.9.0
- package: github.com/patrickmn/go-cache
  version: v2.1.0
- package: github.com/rancher/norman
  version: 33b13aaf9d5a785f82eac3ef9e5d9a9fdf8a19c1
- package: github.com/rancher/rancher
  version: e148f0fb3ea1fb43e01cf3bdae0918dc643589f3
- package: github.com/rancher/rdns-server
  version: bf662911db6acce4d6a85d2878653f68413b9176
- package: github.com/rancher/types
  version: 2d275102b46ee04b46fec7faf0fc978b2edfb426
- package: github.com/stevvooe/ttrpc
  version: 94dde388801693c54f88a6596f713b51a8b30b2d
- package: github.com/urfave/cli
  version: 8e01ec4cd3e2d84ab2fe90d8210528ffbb06d8ff
- package: go.uber.org/atomic
  version: v1.3.2
- package: go.uber.org/multierr
  version: v1.1.0
- package: go.uber.org/zap
  version: v1.9.0
- package: golang.org/x/crypto
  version: a49355c7e3f8fe157a85be2f77e6e269a0f89602
- package: golang.org/x/sync
  version: 450f422ab23cf9881c94e2db30cac0eb1b7cf80c
- package: golang.org/x/sys
  version: 1b2967e3c290b7c545b3db0deeda16e9be4f98a2
- package: gopkg.in/freddierice/go-losetup.v1
  version: fc9adea44124401d8bfef3a97eaf61b5d44cc2c6
- package: istio.io/api
  version: 0.8.0
- package: istio.io/istio
  version: 0.8.0
- package: k8s.io/kubernetes
  version: v1.10.6-lite1
  repo: https://github.com/ibuildthecloud/k3s.git
  transitive: true
  staging: true
- package: github.com/go-openapi/loads
  version: a80dea3052f00e5f032e860dd7355cd0cc67e24d
- package: github.com/opencontainers/runc
  version: 871ba2e58e24314d1fab4517a80410191ba5ad01
- package: github.com/ugorji/go
  version: ded73eae5db7e7a0ef6f55aace87a2873c5d2b74
- package: gopkg.in/inf.v0
  version: 3887ee99ecf07df5b447e9b00d9c0b2adaa9f3e4
- package: github.com/container-storage-interface/spec
  version: 35d9f9d77954980e449e52c3f3e43c21bd8171f5
- package: github.com/docker/distribution
  version: edc3ab29cdff8694dd6feb85cfeb4b5f1b38ed9c
- package: github.com/modern-go/reflect2
  version: 05fbef0ca5da472bbf96c9322b84a53edc03c9fd
- package: github.com/pkg/errors
  version: 645ef00459ed84a119197bfb8d8205042c6df63d
- package: github.com/go-openapi/strfmt
  version: d65c7fdb29eca313476e529628176fe17e58c488
- package: github.com/cloudflare/cfssl
  version: db0d0650b6496bfe8061ec56a92edd32d8e75c30
- package: github.com/asaskevich/govalidator
  version: 593d64559f7600f29581a3ee42177f5dbded27a9
- package: github.com/fatih/camelcase
  version: f6a740d52f961c60348ebb109adde9f4635d7540
- package: github.com/go-openapi/jsonreference
  version: 13c6e3589ad90f49bd3e3bbe2c2cb3d7a4142272
- package: github.com/golang/protobuf
  version: 1643683e1b54a9e88ad26d98f81400c8c9d9f4f9
- package: github.com/opencontainers/image-spec
  version: 372ad780f63454fbbbbcc7cf80e5b90245c13e13
- package: github.com/Microsoft/hcsshim
  version: 6ea7fe54f719d95721e7d9b26ac0add224c9b923
- package: github.com/PuerkitoBio/purell
  version: 8a290539e2e8629dbc4e6bad948158f790ec31f4
- package: github.com/robfig/cron
  version: df38d32658d8788cd446ba74db4bb5375c4b0cb3
- package: github.com/dgrijalva/jwt-go
  version: 01aeca54ebda6e0fbfafd0a524d234159c05ec20
- package: github.com/pmezard/go-difflib
  version: d8ed2627bdf02c080bf22230dbb337003b7aba2d
- package: github.com/coreos/bbolt
  version: 48ea1b39c25fc1bab3506fbc712ecbaa842c4d2d
- package: github.com/grpc-ecosystem/grpc-gateway
  version: 8cc3a55af3bcf171a1c23a90c4df9cf591706104
- package: github.com/prometheus/client_model
  version: fa8ad6fec33561be4280a8f0514318c79d7f6cb6
- package: github.com/containernetworking/cni
  version: a7885cb6f8ab03fba07852ded351e4f5e7a112bf
- package: github.com/go-ini/ini
  version: 300e940a926eb277d3901b20bdfcc54928ad3642
- package: github.com/gregjones/httpcache
  version: 787624de3eb7bd915c329cba748687a3b22666a6
- package: github.com/russross/blackfriday
  version: 300106c228d52c8941d4b3de6054a6062a86dda3
- package: github.com/spf13/pflag
  version: 583c0c0531f06d5278b7d917446061adc344b5cd
- package: github.com/ghodss/yaml
  version: 73d445a93680fa1a78ae23a5839bad48f32ba1ee
- package: github.com/json-iterator/go
  version: f2b4162afba35581b6d4a50d3b8f34e33c144682
- package: github.com/docker/spdystream
  version: 449fdfce4d962303d702fec724ef0ad181c92528
- package: github.com/evanphx/json-patch
  version: 94e38aa1586e8a6c8a75770bddf5ff84c48a106b
- package: github.com/howeyc/gopass
  version: bf9dde6d0d2c004a008c27aaee91170c786f6db8
- package: github.com/matttproud/golang_protobuf_extensions
  version: fc2b8d3a73c4867e51861bbdd5ae3c1f0869dd6a
- package: github.com/mrunalp/fileutils
  version: 4ee1cc9a80582a0c75febdd5cfa779ee4361cbca
- package: github.com/prometheus/client_golang
  version: e7e903064f5e9eb5da98208bae10b475d4db0f8c
- package: golang.org/x/net
  version: 1c05540f6879653db88113bc4a2b70aec4bd491f
- package: github.com/aws/aws-sdk-go
  version: 760741802ad40f49ae9fc4a69ef6706d2527d62e
- package: github.com/coreos/go-systemd
  version: 48702e0da86bd25e76cfef347e2adeb434a0d0a6
- package: github.com/stretchr/testify
  version: f6abca593680b2315d2075e0f5e2a9751e3f431a
- package: github.com/jonboulle/clockwork
  version: 72f9bd7c4e0c2a40055ab3d0f09654f730cce982
- package: github.com/docker/libtrust
  version: 9cbd2a1374f46905c68a4eb3694a130610adc62a
- package: github.com/vishvananda/netlink
  version: f67b75edbf5e3bb7dfe70bb788610693a71be3d1
- package: github.com/PuerkitoBio/urlesc
  version: 5bd2802263f21d8788851d5305584c82a5c75d7e
- package: github.com/blang/semver
  version: b38d23b8782a487059e8fc8773e9a5b228a77cb6
- package: github.com/go-openapi/jsonpointer
  version: 46af16f9f7b149af66e5d1bd010e3574dc06de98
- package: github.com/opencontainers/runtime-spec
  version: 02137cd4e50b37a01665e1731fcd4ac2d2178230
- package: github.com/prometheus/common
  version: 13ba4ddd0caa9c28ca7b7bffe1dfa9ed8d5ef207
- package: github.com/seccomp/libseccomp-golang
  version: 1b506fc7c24eec5a3693cdcbed40d9c226cfc6a1
- package: github.com/xiang90/probing
  version: 07dd2e8dfe18522e9c447ba95f2fe95262f63bb2
- package: github.com/go-openapi/spec
  version: 1de3e0542de65ad8d75452a595886fdd0befb363
- package: github.com/mistifyio/go-zfs
  version: 1b4ae6fb4e77b095934d4430860ff202060169f8
- package: github.com/peterbourgon/diskv
  version: 5f041e8faa004a95c88a202771f4cc3e991971e6
- package: github.com/spf13/cobra
  version: 6644d46b81fa1831979c4cded0106e774e0ef0ab
- package: github.com/syndtr/gocapability
  version: e7cb7fa329f456b3855136a2642b197bad7366ba
- package: github.com/modern-go/concurrent
  version: bacd9c7ef1dd9b15be4a9909b8ac7a4e313eec94
- package: k8s.io/heapster
  version: c2ac40f1adf8c42a79badddb2a2acd673cae3bcb
- package: github.com/go-openapi/runtime
  version: 11e322eeecc1032d5a0a96c566ed53f2b5c26e22
- package: github.com/davecgh/go-spew
  version: 782f4967f2dc4564575ca782fe2d04090b5faca8
- package: github.com/mitchellh/mapstructure
  version: 53818660ed4955e899c0bcafa97299a388bd7c8e
- package: github.com/opencontainers/selinux
  version: 4a2974bf1ee960774ffd517717f1f45325af0206
- package: github.com/beorn7/perks
  version: 3ac7bf7a47d159a033b107610db8a1b6575507a4
- package: github.com/chai2010/gettext-go
  version: c6fed771bfd517099caf0f7a961671fa8ed08723
- package: github.com/coreos/go-semver
  version: 568e959cd89871e61434c1143528d9162da89ef2
- package: github.com/go-openapi/validate
  version: d509235108fcf6ab4913d2dcb3a2260c0db2108e
- package: github.com/google/certificate-transparency
  version: af98904302724c29aa6659ca372d41c9687de2b7
- package: github.com/gorilla/context
  version: 215affda49addc4c8ef7e2534915df2c8c35c6cd
- package: github.com/abbot/go-http-auth
  version: c0ef4539dfab4d21c8ef20ba2924f9fc6f186d35
- package: github.com/mitchellh/go-wordwrap
  version: ad45545899c7b13c020ea92b2072220eefad42b8
- package: github.com/renstrom/dedent
  version: 020d11c3b9c0c7a3c2efcc8e5cf5b9ef7bcea21f
- package: gopkg.in/square/go-jose.v2
  version: f8f38de21b4dcd69d0413faf231983f5fd6634b1
- package: github.com/inconshreveable/mousetrap
  version: 76626ae9c91c4f2a10f34cad8ce83ea42c93bb75
- package: github.com/opencontainers/go-digest
  version: a6d0ee40d4207ea02364bd3b9e8e77b9159ba1eb
- package: github.com/shurcooL/sanitized_anchor_name
  version: 10ef21a441db47d8b13ebcc5fd2310f636973c77
- package: google.golang.org/genproto
  version: 09f6ed296fc66555a25fe4ce95173148778dfa85
- package: github.com/go-openapi/swag
  version: f3f9494671f93fcff853e3c6e9e948b3eb71e590
- package: github.com/hashicorp/golang-lru
  version: a0d98a5f288019575c6d1f4bb1573fef2d1fcdc4
- package: github.com/grpc-ecosystem/go-grpc-prometheus
  version: 2500245aa6110c562d17020fb31a2c133d737799
- package: golang.org/x/oauth2
  version: a6bd8cefa1811bd24b86f8902872e4e8225f74c4
- package: google.golang.org/grpc
  version: 5b3c4e850e90a4cf6a20ebd46c8b32a0a3afcb9e
- package: k8s.io/kube-openapi
  version: 39cb288412c48cb533ba4be5d6c28620b9a0c1b4
- package: k8s.io/utils
  version: aedf551cdb8b0119df3a19c65fde413a13b34997
- package: github.com/containerd/console
  version: 84eeaae905fa414d03e07bcd6c8d3f19e7cf180e
- package: github.com/daviddengcn/go-colortext
  version: 511bcaf42ccd42c38aba7427b6673277bf19e2a1
- package: github.com/google/gofuzz
  version: 44d81051d367757e1c7c6a5a86423ece9afcf63c
- package: github.com/mreiferson/go-httpclient
  version: 31f0106b4474f14bc441575c19d3a5fa21aa1f6c
- package: github.com/Azure/go-autorest
  version: d4e6b95c12a08b4de2d48b45d5b4d594e5d32fab
- package: github.com/docker/docker
  version: 4f3616fb1c112e206b88cb7a9922bf49067a7756
- package: github.com/golang/glog
  version: 44145f04b68cf362d9c4df2182967c2275eaefed
- package: github.com/jteeuwen/go-bindata
  version: a0ff2567cfb70903282db057e799fd826784d41d
- package: github.com/coreos/rkt
  version: ec37f3cb649bfb72408906e7cbf330e4aeda1075
- package: github.com/exponent-io/jsonpath
  version: d6023ce2651d8eafb5c75bb0c7167536102ec9f5
- package: github.com/googleapis/gnostic
  version: 0c5108395e2debce0d731cf0287ddf7242066aba
- package: github.com/mailru/easyjson
  version: 2f5df55504ebc322e4d52d34df6a1f5b503bf26d
- package: github.com/NYTimes/gziphandler
  version: 56545f4a5d46df9a6648819d1664c3a03a13ffdb
- package: golang.org/x/exp
  version: 292a51b8d262487dab23a588950e8052d63d9113
- package: vbom.ml/util
  version: db5cfe13f5cc80a4990d98e2e1b0707a4d1a5394
- package: github.com/miekg/dns
  version: 5d001d020961ae1c184f9f8152fdc73810481677
- package: github.com/vishvananda/netns
  version: be1fbeda19366dea804f00efff2dd73a1642fdcc
- package: github.com/sirupsen/logrus
  version: 89742aefa4b206dcf400792f3bd35b542998eb3b
- package: github.com/emicklei/go-restful
  version: ff4f55a206334ef123e4f79bbf348980da81ca46
- package: github.com/pborman/uuid
  version: ca53cad383cad2479bbba7f7a1a05797ec1386e4
- package: github.com/dchest/safefile
  version: 855e8d98f1852d48dde521e0522408d1fe7e836a
- package: github.com/docker/go-units
  version: 9e638d38cf6977a37a8ea0078f3ee75a7cdb2dd1
- package: github.com/emicklei/go-restful-swagger12
  version: dcef7f55730566d41eae5db10e7d6981829720f6
- package: github.com/cyphar/filepath-securejoin
  version: ae69057f2299fb9e5ba2df738607e6a505b74ab6
- package: k8s.io/gengo
  version: 01a732e01d00cb9a81bb0ca050d3e6d2b947927b
- package: github.com/armon/circbuf
  version: bbbad097214e2918d8543d5201d12bfd7bca254d
- package: cloud.google.com/go
  version: 3b1ae45394a234c385be014e9a488f2bb6eef821
- package: github.com/JeffAshton/win_pdh
  version: 76bb4ee9f0ab50f77826f2a2ee7fb9d3880d6ec2
- package: gopkg.in/yaml.v2
  version: 670d4cfef0544295bc27a114dbac37980d83185a
- package: github.com/golang/groupcache
  version: 02826c3e79038b59d737d3b1c0a1d937f71a4433
- package: github.com/go-openapi/analysis
  version: b44dc874b601d9e4e2f6e19140e794ba24bead3b
- package: github.com/go-openapi/errors
  version: d24ebc2075bad502fac3a8ae27aa6dd58e1952dc
- package: github.com/jmespath/go-jmespath
  version: 0b12d6b521d83fc7f755e7cfc1b1fbdd35a01a74
- package: github.com/prometheus/procfs
  version: 65c1f6f8f0fc1e2185eb9863a3bc751496404259
- package: github.com/elazarl/go-bindata-assetfs
  version: 3dcc96556217539f50599357fb481ac0dc7439b9
- package: github.com/fsnotify/fsnotify
  version: f12c6236fe7b5cf6bcf30e5935d08cb079d78334
- package: golang.org/x/tools
  version: 2382e3994d48b1d22acc2c86bcad0a2aff028e32
- package: golang.org/x/time
  version: f51c12702a4d776e4c1fa9b0fabab841babae631
- package: github.com/euank/go-kmsg-parser
  version: 5ba4d492e455a77d25dcf0d2c4acc9f2afebef4e
- package: github.com/onsi/ginkgo
  version: 67b9df7f55fe1165fd9ad49aca7754cce01a42b8
- package: github.com/docker/libnetwork
  version: ba46b928444931e6865d8618dc03622cac79aa6f
- package: github.com/google/btree
  version: 7d79101e329e5a3adf994758c578dab82b90c017
- package: github.com/imdario/mergo
  version: 6633656539c1639d9d78127b7d47c622b5d7b6dc
- package: github.com/mindprince/gonvml
  version: fee913ce8fb235edf54739d259ca0ecc226c7b8a
- package: golang.org/x/text
  version: b19bf474d317b857955b12035d2c5acb57ce8b01
- package: github.com/Microsoft/go-winio
  version: 78439966b38d69bf38227fbf57ac8a6fee70f69a
- package: github.com/cockroachdb/cmux
  version: 112f0506e7743d64a6eb8fedbcff13d9979bbf92
- package: github.com/kr/pty
  version: f7ee69f31298ecbe5d2b349c711e2547a617d398
- package: github.com/MakeNowJust/heredoc
  version: bb23615498cded5e105af4ce27de75b089cbe851
- package: github.com/coreos/pkg
  version: fa29b1d70f0beaddd4c7021607cc3c3be8ce94b8
- package: github.com/mxk/go-flowrate
  version: cca7078d478f8520f85629ad7c68962d31ed7682
- package: github.com/godbus/dbus
  version: c7fdd8b5cd55e87b4e1f4e372cdb1db61dd6c66f
