package: package=github.com/rancher/rio
import:
- package: bitbucket.org/ww/goautoneg
  version: a547fc61f48d567d5b4ec6f8aee5573d8efce11d
  repo: https://github.com/rancher/goautoneg.git
- package: github.com/Azure/go-ansiterm
  version: d6e3b3328b783f23731bc4d058875b0371ff8109
- package: github.com/Masterminds/semver
  version: v1.4.2
- package: github.com/Masterminds/sprig
  version: v2.15.0
- package: github.com/aokoli/goutils
  version: v1.0.1
- package: github.com/containerd/containerd
  version: v1.1.4
- package: github.com/containerd/continuity
  version: 7f53d412b9eb1cbf744c2063185d703a0ee34700
- package: github.com/containerd/fifo
  version: 3d5202aec260678c48179c56f40e6f38a095738c
- package: github.com/containerd/typeurl
  version: f6943554a7e7e88b3c14aad190bf05932da84788
- package: github.com/coreos/etcd
  version: a7d7329fe0078ac4e461ce299524b874582ff354
  repo: https://github.com/ibuildthecloud/etcd.git
- package: github.com/coreos/flannel
  version: 46bcfe1eeacdbf5266cc497479e804116101f592
  repo: https://github.com/ibuildthecloud/flannel.git
- package: github.com/coreos/go-iptables
  version: v0.3.0
- package: github.com/coreos/prometheus-operator
  version: v0.25.0
- package: github.com/docker/go-connections
  version: 65675b54072d5fcb8be4445607885be3d483bb27
  repo: https://github.com/ibuildthecloud/go-connections.git
- package: github.com/docker/go-events
  version: 9461782956ad83b30282bf90e31fa6a70c255ba9
- package: github.com/drone/envsubst
  version: f4d1a8ef8670afc9eea1fb95ee09a979fd2763a3
- package: github.com/envoyproxy/go-control-plane
  version: v0.5.0
- package: github.com/gogo/googleapis
  version: v1.0.0
- package: github.com/gogo/protobuf
  version: v1.1.1
- package: github.com/golang/protobuf
  version: v1.1.0
- package: github.com/google/cadvisor
  version: v0.31.0
- package: github.com/google/uuid
  version: dec09d789f3dba190787f8b4454c7d3c936fed9e
- package: github.com/gorilla/mux
  version: v1.6.2
- package: github.com/gorilla/websocket
  version: v1.2.0
- package: github.com/hashicorp/errwrap
  version: 7554cd9344cec97297fa6649b055a8c98c2a1e55
- package: github.com/hashicorp/go-multierror
  version: ed905158d87462226a13fe39ddf685ea65f1c11f
- package: github.com/howeyc/fsnotify
  version: f0c08ee9c60704c1879025f2ae0ff3e000082c13
- package: github.com/huandu/xstrings
  version: v1.0.0
- package: github.com/jetstack/cert-manager
  version: b607592e55a188eac70d02438b91c0bd84edcfaf
  repo: https://github.com/StrongMonkey/cert-manager
- package: github.com/knative/pkg
  version: a7fee93fe6d68bf287d00a7dce1a8c2ce1ad44a3
  repo: https://github.com/rancher/pkg.git
- package: github.com/lyft/protoc-gen-validate
  version: v0.0.11
- package: github.com/mattn/go-shellwords
  version: f8471b0a71ded0ab910825ee2cf230f25de000f1
- package: github.com/mattn/go-sqlite3
  version: v1.9.0
- package: github.com/natefinch/lumberjack
  version: aee4629129445bbdfb69aa565537dcfa16544311
- package: github.com/openshift/api/apps/v1
  version: v3.9.0
- package: github.com/patrickmn/go-cache
  version: v2.1.0
- package: github.com/rancher/norman
  version: 2f51258e53e6dd402a00d7d640226257b53bf4ff
- package: github.com/rancher/rancher
  version: dff3da15ed34fe5f3847d4c355180d0c3e41ab21
- package: github.com/rancher/rdns-server
  version: 42cdde59076d8a49e56c405e063877f11ed6f162
- package: github.com/rancher/types
  version: c8e028e67a0c30cb73c22b7a350c5c611fbd6482
- package: github.com/stevvooe/ttrpc
  version: d4528379866b0ce7e9d71f3eb96f0582fc374577
- package: github.com/urfave/cli
  version: 8e01ec4cd3e2d84ab2fe90d8210528ffbb06d8ff
- package: go.uber.org/atomic
  version: v1.3.2
- package: go.uber.org/multierr
  version: v1.1.0
- package: go.uber.org/zap
  version: v1.9.0
- package: golang.org/x/crypto
  version: a49355c7e3f8fe157a85be2f77e6e269a0f89602
- package: golang.org/x/sync
  version: 450f422ab23cf9881c94e2db30cac0eb1b7cf80c
- package: golang.org/x/sys
  version: 1b2967e3c290b7c545b3db0deeda16e9be4f98a2
- package: gopkg.in/freddierice/go-losetup.v1
  version: fc9adea44124401d8bfef3a97eaf61b5d44cc2c6
- package: istio.io/api
  version: 1.0.5
- package: istio.io/istio
  version: 1.0.5
- package: k8s.io/kubernetes
  version: v1.12.2-lite4
  repo: https://github.com/ibuildthecloud/k3s.git
  transitive: true
  staging: true
- package: github.com/PuerkitoBio/urlesc
  version: 5bd2802263f21d8788851d5305584c82a5c75d7e
- package: github.com/dgrijalva/jwt-go
  version: v3.0.0-4-g01aeca5
- package: github.com/go-openapi/jsonreference
  version: 13c6e3589ad90f49bd3e3bbe2c2cb3d7a4142272
- package: github.com/JeffAshton/win_pdh
  version: 76bb4ee9f0ab50f77826f2a2ee7fb9d3880d6ec2
- package: golang.org/x/exp
  version: 292a51b8d262487dab23a588950e8052d63d9113
- package: github.com/exponent-io/jsonpath
  version: d6023ce2651d8eafb5c75bb0c7167536102ec9f5
- package: github.com/shurcooL/sanitized_anchor_name
  version: 10ef21a441db47d8b13ebcc5fd2310f636973c77
- package: github.com/docker/docker
  version: docs-v1.12.0-rc4-2016-07-15-9510-ga9fbbdc8d
- package: github.com/fatih/camelcase
  version: f6a740d52f961c60348ebb109adde9f4635d7540
- package: github.com/jmespath/go-jmespath
  version: 0.2.2-12-g0b12d6b
- package: github.com/xiang90/probing
  version: 0.0.1
- package: golang.org/x/time
  version: f51c12702a4d776e4c1fa9b0fabab841babae631
- package: github.com/mxk/go-flowrate
  version: cca7078d478f8520f85629ad7c68962d31ed7682
- package: github.com/vishvananda/netns
  version: be1fbeda19366dea804f00efff2dd73a1642fdcc
- package: k8s.io/heapster
  version: v1.2.0-beta.1
- package: github.com/chai2010/gettext-go
  version: c6fed771bfd517099caf0f7a961671fa8ed08723
- package: github.com/cockroachdb/cmux
  version: 112f0506e7743d64a6eb8fedbcff13d9979bbf92
- package: github.com/mailru/easyjson
  version: 2f5df55504ebc322e4d52d34df6a1f5b503bf26d
- package: github.com/matttproud/golang_protobuf_extensions
  version: v1.0.1
- package: github.com/PuerkitoBio/purell
  version: v1.0.0
- package: github.com/grpc-ecosystem/go-grpc-prometheus
  version: v1.1-4-g2500245
- package: github.com/ibuildthecloud/kvsql
  version: 93ec16ba63d05c14c5ffdd7ad31b6eefb49c9e21
- package: github.com/opencontainers/selinux
  version: v1.0.0-rc1-5-g4a2974b
- package: github.com/spf13/pflag
  version: v1.0.1
- package: gopkg.in/inf.v0
  version: v0.9.0
- package: github.com/coreos/bbolt
  version: v1.3.1-coreos.6
- package: github.com/pquerna/ffjson
  version: af8b230fcd2007c7095168ca8ab94c68b60840c6
- package: github.com/modern-go/concurrent
  version: 1.0.3
- package: github.com/docker/spdystream
  version: 449fdfce4d962303d702fec724ef0ad181c92528
- package: github.com/euank/go-kmsg-parser
  version: v2.0.0
- package: golang.org/x/oauth2
  version: a6bd8cefa1811bd24b86f8902872e4e8225f74c4
- package: github.com/opencontainers/runc
  version: v1.0.0-rc5-46-g871ba2e5
- package: github.com/imdario/mergo
  version: v0.3.5
- package: github.com/peterbourgon/diskv
  version: v2.0.1
- package: github.com/robfig/cron
  version: v1-53-gdf38d32
- package: github.com/gregjones/httpcache
  version: 787624de3eb7bd915c329cba748687a3b22666a6
- package: github.com/modern-go/reflect2
  version: 1.0.0-9-g05fbef0
- package: github.com/spf13/cobra
  version: v0.0.1-34-gc439c4f
- package: github.com/container-storage-interface/spec
  version: v0.3.0
- package: k8s.io/kube-openapi
  version: 0cf8f7e6ed1d2e3d47d02e3b6e559369af24d803
- package: github.com/docker/go-units
  version: v0.3.1-11-g9e638d3
- package: github.com/go-openapi/swag
  version: f3f9494671f93fcff853e3c6e9e948b3eb71e590
- package: github.com/godbus/dbus
  version: v3
- package: golang.org/x/net
  version: 1c05540f6879653db88113bc4a2b70aec4bd491f
- package: github.com/docker/distribution
  version: v2.6.0-rc.1-209-gedc3ab29
- package: github.com/fsnotify/fsnotify
  version: v1.3.1-1-gf12c623
- package: github.com/golang/glog
  version: 44145f04b68cf362d9c4df2182967c2275eaefed
- package: github.com/seccomp/libseccomp-golang
  version: 1b506fc7c24eec5a3693cdcbed40d9c226cfc6a1
- package: github.com/ugorji/go
  version: ded73eae5db7e7a0ef6f55aace87a2873c5d2b74
- package: github.com/inconshreveable/mousetrap
  version: v1.0
- package: golang.org/x/tools
  version: 2382e3994d48b1d22acc2c86bcad0a2aff028e32
- package: gopkg.in/square/go-jose.v2
  version: v2.1.6-4-g89060de
- package: github.com/armon/circbuf
  version: bbbad097214e2918d8543d5201d12bfd7bca254d
- package: github.com/go-openapi/jsonpointer
  version: 46af16f9f7b149af66e5d1bd010e3574dc06de98
- package: github.com/golang/groupcache
  version: 02826c3e79038b59d737d3b1c0a1d937f71a4433
- package: github.com/renstrom/dedent
  version: v1.0.0-3-g020d11c
- package: gopkg.in/natefinch/lumberjack.v2
  version: v1.0-16-g20b71e5
- package: github.com/mesos/mesos-go
  version: mesos-1.6.x-12-gff8175b
- package: gopkg.in/yaml.v2
  version: 670d4cfef0544295bc27a114dbac37980d83185a
- package: github.com/jonboulle/clockwork
  version: 72f9bd7c4e0c2a40055ab3d0f09654f730cce982
- package: golang.org/x/text
  version: b19bf474d317b857955b12035d2c5acb57ce8b01
- package: k8s.io/utils
  version: 66066c83e385e385ccc3c964b44fd7dcd413d0ed
- package: github.com/docker/libnetwork
  version: a9cd636e37898226332c439363e2ed0ea185ae92
- package: github.com/coreos/go-systemd
  version: v14
- package: github.com/google/gofuzz
  version: 44d81051d367757e1c7c6a5a86423ece9afcf63c
- package: github.com/miekg/dns
  version: 5d001d020961ae1c184f9f8152fdc73810481677
- package: github.com/pkg/errors
  version: v0.8.0
- package: vbom.ml/util
  version: db5cfe13f5cc80a4990d98e2e1b0707a4d1a5394
- package: github.com/MakeNowJust/heredoc
  version: bb23615498cded5e105af4ce27de75b089cbe851
- package: github.com/onsi/ginkgo
  version: v1.2.0-95-g67b9df7
- package: cloud.google.com/go
  version: v0.1.0-115-g3b1ae453
- package: github.com/go-openapi/spec
  version: 1de3e0542de65ad8d75452a595886fdd0befb363
- package: github.com/stretchr/testify
  version: v1.2.1-14-gc679ae2
- package: github.com/daviddengcn/go-colortext
  version: 511bcaf42ccd42c38aba7427b6673277bf19e2a1
- package: github.com/pmezard/go-difflib
  version: d8ed2627bdf02c080bf22230dbb337003b7aba2d
- package: github.com/cyphar/filepath-securejoin
  version: v0.2.1-1-gae69057
- package: github.com/containerd/console
  version: 84eeaae905fa414d03e07bcd6c8d3f19e7cf180e
- package: github.com/hashicorp/golang-lru
  version: a0d98a5f288019575c6d1f4bb1573fef2d1fcdc4
- package: github.com/jteeuwen/go-bindata
  version: v3.0.7-72-ga0ff256
- package: github.com/mitchellh/go-wordwrap
  version: ad45545899c7b13c020ea92b2072220eefad42b8
- package: github.com/opencontainers/go-digest
  version: a6d0ee40d4207ea02364bd3b9e8e77b9159ba1eb
- package: github.com/opencontainers/runtime-spec
  version: v1.0.0
- package: github.com/blang/semver
  version: v3.5.0
- package: github.com/prometheus/common
  version: 13ba4ddd0caa9c28ca7b7bffe1dfa9ed8d5ef207
- package: github.com/prometheus/client_golang
  version: v0.8.0-83-ge7e9030
- package: github.com/coreos/pkg
  version: v2-8-gfa29b1d
- package: github.com/go-ini/ini
  version: v1.25.4
- package: github.com/ghodss/yaml
  version: 73d445a93680fa1a78ae23a5839bad48f32ba1ee
- package: github.com/googleapis/gnostic
  version: 0c5108395e2debce0d731cf0287ddf7242066aba
- package: github.com/json-iterator/go
  version: 1.1.3-22-gf2b4162
- package: github.com/mindprince/gonvml
  version: fee913ce8fb235edf54739d259ca0ecc226c7b8a
- package: github.com/prometheus/client_model
  version: model-0.0.2-12-gfa8ad6f
- package: github.com/coreos/rkt
  version: v1.25.0
- package: github.com/syndtr/gocapability
  version: e7cb7fa329f456b3855136a2642b197bad7366ba
- package: google.golang.org/grpc
  version: v1.7.5
- package: github.com/mistifyio/go-zfs
  version: v2.1.1-5-g1b4ae6f
- package: github.com/vishvananda/netlink
  version: b2de5d10e38ecce8607e6b438b6d174f389a004e
- package: github.com/Microsoft/hcsshim
  version: v0.6.11
- package: github.com/davecgh/go-spew
  version: v1.1.0-1-g782f496
- package: github.com/evanphx/json-patch
  version: v3.0.0-34-g36442db
- package: github.com/pborman/uuid
  version: ca53cad383cad2479bbba7f7a1a05797ec1386e4
- package: github.com/prometheus/procfs
  version: 65c1f6f8f0fc1e2185eb9863a3bc751496404259
- package: google.golang.org/genproto
  version: 09f6ed296fc66555a25fe4ce95173148778dfa85
- package: github.com/sirupsen/logrus
  version: v1.0.3-11-g89742ae
- package: github.com/aws/aws-sdk-go
  version: v1.14.12
- package: github.com/coreos/go-semver
  version: 568e959cd89871e61434c1143528d9162da89ef2
- package: github.com/emicklei/go-restful
  version: 2.2.0-4-gff4f55a
- package: github.com/mrunalp/fileutils
  version: 4ee1cc9a80582a0c75febdd5cfa779ee4361cbca
- package: github.com/Rican7/retry
  version: v0.1.0-9-g272ad12
- package: github.com/beorn7/perks
  version: 3ac7bf7a47d159a033b107610db8a1b6575507a4
- package: github.com/google/btree
  version: 7d79101e329e5a3adf994758c578dab82b90c017
- package: github.com/grpc-ecosystem/grpc-gateway
  version: v1.3.0
- package: github.com/opencontainers/image-spec
  version: v1.0.0-rc6-12-g372ad78
- package: github.com/Microsoft/go-winio
  version: v0.4.5
- package: k8s.io/gengo
  version: fdcf9f9480fdd5bf2b3c3df9bf4ecd22b25b87e2
- package: github.com/russross/blackfriday
  version: v1.4-2-g300106c
