package: package=github.com/rancher/rio
import:
- package: github.com/Azure/go-ansiterm
  version: d6e3b3328b783f23731bc4d058875b0371ff8109
- package: github.com/MakeNowJust/heredoc
  version: bb23615498cded5e105af4ce27de75b089cbe851
- package: github.com/Masterminds/semver
  version: v1.4.2
- package: github.com/Masterminds/sprig
  version: v2.15.0
- package: github.com/Microsoft/go-winio
  version: v0.4.11
- package: github.com/aokoli/goutils
  version: v1.0.1
- package: github.com/beorn7/perks
  version: 3ac7bf7a47d159a033b107610db8a1b6575507a4
- package: github.com/containerd/continuity
  version: master
- package: github.com/coreos/etcd
  version: a7d7329fe0078ac4e461ce299524b874582ff354
  repo: https://github.com/ibuildthecloud/etcd.git
- package: github.com/coreos/go-semver
  version: v0.2.0-9-ge214231b295a8e
- package: github.com/davecgh/go-spew
  version: v1.1.0-1-g782f4967f2dc45
- package: github.com/docker/docker
  version: docs-v1.12.0-rc4-2016-07-15-9510-ga9fbbdc8dd8794
- package: github.com/docker/go-units
  version: v0.3.1-11-g9e638d38cf6977
- package: github.com/docker/libcompose
  version: 213509acef0fe8f2358f4c0bb977eb3f4889ea15
- package: github.com/docker/spdystream
  version: 449fdfce4d962303d702fec724ef0ad181c92528
- package: github.com/drone/envsubst
  version: f4d1a8ef8670afc9eea1fb95ee09a979fd2763a3
- package: github.com/drone/go-scm
  version: 67e85b16fa2fc3734fb39873949d45e5977287ac
- package: github.com/envoyproxy/go-control-plane
  version: v0.7.0
- package: github.com/envoyproxy/protoc-gen-validate
  version: v0.0.14
- package: github.com/evanphx/json-patch
  version: v4.1.0-19-g5858425f75500d
- package: github.com/exponent-io/jsonpath
  version: d6023ce2651d8eafb5c75bb0c7167536102ec9f5
- package: github.com/fatih/camelcase
  version: f6a740d52f961c60348ebb109adde9f4635d7540
- package: github.com/ghodss/yaml
  version: v1.0.0-4-gc7ce16629ff4cd
- package: github.com/gogo/googleapis
  version: v1.0.0
- package: github.com/gogo/protobuf
  version: v1.1.1
- package: github.com/golang/protobuf
  version: v1.1.0
- package: github.com/google/btree
  version: 7d79101e329e5a3adf994758c578dab82b90c017
- package: github.com/google/go-cmp
  version: 6f77996f0c42f7b84e5a2b252227263f93432e9b
- package: github.com/google/gofuzz
  version: 24818f796faf91cd76ec7bddd72458fbced7a6c1
- package: github.com/google/uuid
  version: dec09d789f3dba190787f8b4454c7d3c936fed9e
- package: github.com/googleapis/gnostic
  version: 0c5108395e2debce0d731cf0287ddf7242066aba
- package: github.com/gorilla/mux
  version: v1.6.2
- package: github.com/gorilla/websocket
  version: v1.2.0
- package: github.com/gregjones/httpcache
  version: 787624de3eb7bd915c329cba748687a3b22666a6
- package: github.com/hashicorp/errwrap
  version: 7554cd9344cec97297fa6649b055a8c98c2a1e55
- package: github.com/hashicorp/go-multierror
  version: ed905158d87462226a13fe39ddf685ea65f1c11f
- package: github.com/hashicorp/golang-lru
  version: v0.5.0
- package: github.com/howeyc/fsnotify
  version: f0c08ee9c60704c1879025f2ae0ff3e000082c13
- package: github.com/huandu/xstrings
  version: v1.0.0
- package: github.com/imdario/mergo
  version: v0.3.5
- package: github.com/inconshreveable/mousetrap
  version: v1.0
- package: github.com/jetstack/cert-manager
  version: 637e14ea574c8aefa8261ca1464ed6d1c3bea4c1
  repo: https://github.com/rancher/cert-manager
- package: github.com/json-iterator/go
  version: 1.1.4
- package: github.com/jteeuwen/go-bindata
  version: v3.0.7-72-ga0ff2567cfb709
- package: github.com/knative/build
  version: v0.5.0
- package: github.com/knative/pkg
  version: 58f21ce851a46d70e7a97e82e43dbfdf6acc6b80
  repo: https://github.com/StrongMonkey/pkg.git
- package: github.com/matryer/moq/pkg/moq
  version: ee5226d43009
  repo: https://github.com/rancher/moq
- package: github.com/mattbaird/jsonpatch
  version: 81af80346b1a01caae0cbc27fd3c1ba5b11e189f
- package: github.com/mattn/go-shellwords
  version: f8471b0a71ded0ab910825ee2cf230f25de000f1
- package: github.com/matttproud/golang_protobuf_extensions
  version: v1.0.1
- package: github.com/mitchellh/go-wordwrap
  version: ad45545899c7b13c020ea92b2072220eefad42b8
- package: github.com/modern-go/concurrent
  version: 1.0.3
- package: github.com/modern-go/reflect2
  version: v1.0.1
- package: github.com/natefinch/lumberjack
  version: aee4629129445bbdfb69aa565537dcfa16544311
- package: github.com/onsi/ginkgo
  version: v1.2.0-95-g67b9df7f55fe11
- package: github.com/opencontainers/go-digest
  version: a6d0ee40d4207ea02364bd3b9e8e77b9159ba1eb
- package: github.com/opencontainers/image-spec
  version: v1.0.0-rc6-12-g372ad780f63454
- package: github.com/openshift/api/apps/v1
  version: v3.9.0
- package: github.com/patrickmn/go-cache
  version: v2.1.0
- package: github.com/peterbourgon/diskv
  version: v2.0.1
- package: github.com/pkg/errors
  version: v0.8.0
- package: github.com/pmezard/go-difflib
  version: v1.0.0-4-g5d4384ee4fb252
- package: github.com/prometheus/client_golang
  version: v0.9.2
- package: github.com/prometheus/client_model
  version: model-0.0.2-12-gfa8ad6fec33561
- package: github.com/prometheus/common
  version: v0.2.0
- package: github.com/prometheus/procfs
  version: 65c1f6f8f0fc1e2185eb9863a3bc751496404259
- package: github.com/rancher/mapper
  version: 48be2d1eadc0ffa5ce78de00e0417cc926508cac
- package: github.com/rancher/rdns-server
  version: 2967d247de7e8be972d326fe394e331eb8ca8d2b
- package: github.com/rancher/wrangler
  version: 31f3a4b0e30cf2887e5077f5f39831dffd322cf3
  repo: https://github.com/StrongMonkey/wrangler.git
- package: github.com/russross/blackfriday
  version: v1.4-2-g300106c228d52c
- package: github.com/shurcooL/sanitized_anchor_name
  version: 10ef21a441db47d8b13ebcc5fd2310f636973c77
- package: github.com/sirupsen/logrus
  version: v1.0.3-11-g89742aefa4b206
- package: github.com/spf13/cobra
  version: v0.0.1-34-gc439c4fa093711
- package: github.com/spf13/pflag
  version: v1.0.1
- package: github.com/stretchr/testify
  version: v1.2.1-14-gc679ae2cc0cb27
- package: github.com/ugorji/go
  version: bdcc60b419d136a85cdf2e7cbcac34b3f1cd6e57
- package: github.com/urfave/cli
  version: 8e01ec4cd3e2d84ab2fe90d8210528ffbb06d8ff
- package: go.uber.org/atomic
  version: v1.3.2
- package: go.uber.org/multierr
  version: v1.1.0
- package: go.uber.org/zap
  version: v1.9.0
- package: go.uber.org/zap/buffer
  version: v1.9.1-1-g67bc79d13d155c
- package: golang.org/x/crypto
  version: a49355c7e3f8fe157a85be2f77e6e269a0f89602
- package: golang.org/x/net
  version: 65e2d4e15006aab9813ff8769e768bbf4bb667a0
- package: golang.org/x/oauth2
  version: a6bd8cefa1811bd24b86f8902872e4e8225f74c4
- package: golang.org/x/sync
  version: 450f422ab23cf9881c94e2db30cac0eb1b7cf80c
- package: golang.org/x/sys
  version: 1b2967e3c290b7c545b3db0deeda16e9be4f98a2
- package: golang.org/x/text
  version: b19bf474d317b857955b12035d2c5acb57ce8b01
- package: golang.org/x/time
  version: f51c12702a4d776e4c1fa9b0fabab841babae631
- package: golang.org/x/tools
  version: 4ca4b55e2050cfa75f1a1f72ae10825e80b052a0
- package: google.golang.org/genproto
  version: 09f6ed296fc66555a25fe4ce95173148778dfa85
- package: google.golang.org/grpc
  version: v1.13.0
- package: gopkg.in/inf.v0
  version: v0.9.0
- package: gopkg.in/yaml.v2
  version: v2.2.1
- package: istio.io/api
  version: 1.1.3
- package: istio.io/istio
  version: 1.1.3
- package: k8s.io/client-go
  version: v11.0.0
- package: k8s.io/gengo
  version: 51747d6e00da1fc578d5a333a93bb2abcbce7a95
- package: k8s.io/klog
  version: v0.2.0-14-g8e90cee79f8237
- package: k8s.io/kubernetes
  version: v1.14.1-k3s.4
  repo: https://github.com/rancher/k3s.git
  transitive: true
  staging: true
- package: k8s.io/utils
  version: c2654d5206da6b7b6ace12841e8f359bb89b443c
- package: sigs.k8s.io/yaml
  version: v1.1.0
